
Microsoft Visual Studio Solution File, Format Version 12.00
# Visual Studio Version 16
VisualStudioVersion = 16.0.30907.101
MinimumVisualStudioVersion = 10.0.40219.1
Project("{FAE04EC0-301F-11D3-BF4B-00C04F79EFBC}") = "NotesMarketplace", "NotesMarketplace\NotesMarketplace.csproj", "{471ECAD7-4CE4-4AD8-BE5C-3FF92B656C7D}"
EndProject
Global
	GlobalSection(SolutionConfigurationPlatforms) = preSolution
		Debug|Any CPU = Debug|Any CPU
		Release|Any CPU = Release|Any CPU
	EndGlobalSection
	GlobalSection(ProjectConfigurationPlatforms) = postSolution
		{471ECAD7-4CE4-4AD8-BE5C-3FF92B656C7D}.Debug|Any CPU.ActiveCfg = Debug|Any CPU
		{471ECAD7-4CE4-4AD8-BE5C-3FF92B656C7D}.Debug|Any CPU.Build.0 = Debug|Any CPU
		{471ECAD7-4CE4-4AD8-BE5C-3FF92B656C7D}.Release|Any CPU.ActiveCfg = Release|Any CPU
		{471ECAD7-4CE4-4AD8-BE5C-3FF92B656C7D}.Release|Any CPU.Build.0 = Release|Any CPU
	EndGlobalSection
	GlobalSection(SolutionProperties) = preSolution
		HideSolutionNode = FALSE
	EndGlobalSection
	GlobalSection(ExtensibilityGlobals) = postSolution
		SolutionGuid = {C3D8B8CE-E0BB-43E0-A674-CB39965E8B75}
	EndGlobalSection
EndGlobal
